
Microsoft Visual Studio Solution File, Format Version 12.00
# Visual Studio Version 17
VisualStudioVersion = 17.5.33502.453
MinimumVisualStudioVersion = 10.0.40219.1
Project("{9A19103F-16F7-4668-BE54-9A1E7A4F7556}") = "TiendaArteApi", "TiendaArteApi\TiendaArteApi.csproj", "{9329CF31-25D3-438A-9373-9DD4D4D5C8A2}"
EndProject
Project("{FAE04EC0-301F-11D3-BF4B-00C04F79EFBC}") = "winPawArt", "winPawArt\winPawArt.csproj", "{8DAE587D-EC87-4B3D-8CB4-6D107714211B}"
EndProject
Global
	GlobalSection(SolutionConfigurationPlatforms) = preSolution
		Debug|Any CPU = Debug|Any CPU
		Release|Any CPU = Release|Any CPU
	EndGlobalSection
	GlobalSection(ProjectConfigurationPlatforms) = postSolution
		{9329CF31-25D3-438A-9373-9DD4D4D5C8A2}.Debug|Any CPU.ActiveCfg = Debug|Any CPU
		{9329CF31-25D3-438A-9373-9DD4D4D5C8A2}.Debug|Any CPU.Build.0 = Debug|Any CPU
		{9329CF31-25D3-438A-9373-9DD4D4D5C8A2}.Release|Any CPU.ActiveCfg = Release|Any CPU
		{9329CF31-25D3-438A-9373-9DD4D4D5C8A2}.Release|Any CPU.Build.0 = Release|Any CPU
		{8DAE587D-EC87-4B3D-8CB4-6D107714211B}.Debug|Any CPU.ActiveCfg = Debug|Any CPU
		{8DAE587D-EC87-4B3D-8CB4-6D107714211B}.Debug|Any CPU.Build.0 = Debug|Any CPU
		{8DAE587D-EC87-4B3D-8CB4-6D107714211B}.Release|Any CPU.ActiveCfg = Release|Any CPU
		{8DAE587D-EC87-4B3D-8CB4-6D107714211B}.Release|Any CPU.Build.0 = Release|Any CPU
	EndGlobalSection
	GlobalSection(SolutionProperties) = preSolution
		HideSolutionNode = FALSE
	EndGlobalSection
	GlobalSection(ExtensibilityGlobals) = postSolution
		SolutionGuid = {B38E6A6B-27FA-4405-811D-462BDC1FA0B5}
	EndGlobalSection
EndGlobal
